# This file is automatically @generated by Poetry 1.8.3 and should not be changed by hand.

[[package]]
name = "asyncio"
version = "3.4.3"
description = "reference implementation of PEP 3156"
optional = false
python-versions = "*"
files = [
    {file = "asyncio-3.4.3-cp33-none-win32.whl", hash = "sha256:b62c9157d36187eca799c378e572c969f0da87cd5fc42ca372d92cdb06e7e1de"},
    {file = "asyncio-3.4.3-cp33-none-win_amd64.whl", hash = "sha256:c46a87b48213d7464f22d9a497b9eef8c1928b68320a2fa94240f969f6fec08c"},
    {file = "asyncio-3.4.3-py3-none-any.whl", hash = "sha256:c4d18b22701821de07bd6aea8b53d21449ec0ec5680645e5317062ea21817d2d"},
    {file = "asyncio-3.4.3.tar.gz", hash = "sha256:83360ff8bc97980e4ff25c964c7bd3923d333d177aa4f7fb736b019f26c7cb41"},
]

[[package]]
name = "breez-sdk-liquid"
version = "0.3.4"
description = "Python language bindings for the Breez Liquid SDK"
optional = false
python-versions = "*"
files = [
    {file = "breez_sdk_liquid-0.3.4-cp310-cp310-macosx_11_0_universal2.whl", hash = "sha256:9844fe385ba8fa26ff7507299a0e451b5f22f2636534e5627d11493060607557"},
    {file = "breez_sdk_liquid-0.3.4-cp310-cp310-manylinux_2_31_aarch64.whl", hash = "sha256:dc87f6cfc18b69bc020ab099c704cd51742446d6880cc88ada1ffea1b6c6ceaa"},
    {file = "breez_sdk_liquid-0.3.4-cp310-cp310-manylinux_2_31_x86_64.whl", hash = "sha256:0f353bb77623fbc6d8d5292739a1acc9a67003129beac9c76273df22a9a9a2e8"},
    {file = "breez_sdk_liquid-0.3.4-cp310-cp310-win32.whl", hash = "sha256:85450f765e964cace1b87dfb490c7cd1f69a6aa7978204cccfddf12118ecd001"},
    {file = "breez_sdk_liquid-0.3.4-cp310-cp310-win_amd64.whl", hash = "sha256:64cf5ff1722dd1bd5b83c89ceb9427b17fa40e397c051153b013228b6c64fb58"},
    {file = "breez_sdk_liquid-0.3.4-cp311-cp311-macosx_11_0_universal2.whl", hash = "sha256:e46c704f6a82e01f4a7545e5694a6c048c7b657030e949ae68926db5def3b92e"},
    {file = "breez_sdk_liquid-0.3.4-cp311-cp311-manylinux_2_31_aarch64.whl", hash = "sha256:314fa3aa3fe2f3cd9d880ee4860bc790c1933a16999fd116d19670e1b25b7353"},
    {file = "breez_sdk_liquid-0.3.4-cp311-cp311-manylinux_2_31_x86_64.whl", hash = "sha256:7fcdeb035b5664ede972f6a2b7c3fe3e571fdbe5759aab3c14f7e431ccfb280b"},
    {file = "breez_sdk_liquid-0.3.4-cp311-cp311-win32.whl", hash = "sha256:4668d2fa76f14a13bf7d13a5af05eabdd3f485b430cecfa3d4bcc2aefd65ce33"},
    {file = "breez_sdk_liquid-0.3.4-cp311-cp311-win_amd64.whl", hash = "sha256:4e6dd03c13948be7e72a756888befb24805d862010034517f6ee98fad6fa4f23"},
    {file = "breez_sdk_liquid-0.3.4-cp312-cp312-macosx_11_0_universal2.whl", hash = "sha256:d399c90d21ba63a7230e9f9d335b789d7c2c3ead449306db7644d274f338741d"},
    {file = "breez_sdk_liquid-0.3.4-cp312-cp312-manylinux_2_31_aarch64.whl", hash = "sha256:5a02745be8f0a508c1303eafcf65d865ccf846c90ba40a1107fc813e449e3154"},
    {file = "breez_sdk_liquid-0.3.4-cp312-cp312-manylinux_2_31_x86_64.whl", hash = "sha256:5327e92e7b870a71b3fbfe9a2be54b6465096c93cf5a6e3c326d86897d794466"},
    {file = "breez_sdk_liquid-0.3.4-cp312-cp312-win32.whl", hash = "sha256:838e1676b86e3534137b1ed6760b5155d59097a8e5409af5b6d8fa15aebbdfe4"},
    {file = "breez_sdk_liquid-0.3.4-cp312-cp312-win_amd64.whl", hash = "sha256:5c28e7c68466dc0e244cc01e739a1e7fe782e978c3daeb9ecc38ab070c32fe90"},
    {file = "breez_sdk_liquid-0.3.4-cp38-cp38-macosx_11_0_universal2.whl", hash = "sha256:cc2758fca8c64a9e56020883cb116fabb8b20b57322e9ab1be76e35b42f7c25b"},
    {file = "breez_sdk_liquid-0.3.4-cp38-cp38-manylinux_2_31_aarch64.whl", hash = "sha256:d37b3b080b8ff2146bcbd67ae969581fee72dae39b50dbb1e00673beb525a1bc"},
    {file = "breez_sdk_liquid-0.3.4-cp38-cp38-manylinux_2_31_x86_64.whl", hash = "sha256:01af87e767c5aa677caa40654c19c27455b4fb7508a98d2becbc01d59af02875"},
    {file = "breez_sdk_liquid-0.3.4-cp38-cp38-win32.whl", hash = "sha256:4bf5c4bb0c656eb147a793e5d57bb18f2d3f22e39227d73fb7099bc52d2e318c"},
    {file = "breez_sdk_liquid-0.3.4-cp38-cp38-win_amd64.whl", hash = "sha256:d189f213c04186ba35c2972c6f8b98ffc2ba4b665c99a84ca955a0dbf82a607c"},
    {file = "breez_sdk_liquid-0.3.4-cp39-cp39-macosx_11_0_universal2.whl", hash = "sha256:325493be10e774bd3231af7f53d37888a763d2c3c8e691a816f5109d04267103"},
    {file = "breez_sdk_liquid-0.3.4-cp39-cp39-manylinux_2_31_aarch64.whl", hash = "sha256:72a4011a83984a53ded7c1a90130a1fbfac765cd61476881a8f56a0e490f0582"},
    {file = "breez_sdk_liquid-0.3.4-cp39-cp39-manylinux_2_31_x86_64.whl", hash = "sha256:f6e0bea3fed567ba76003741f07ceb449ef6ab6996a6c1d9b13d29955cc3cf58"},
    {file = "breez_sdk_liquid-0.3.4-cp39-cp39-win32.whl", hash = "sha256:d2dbfd1ad70201be10070f788d0d598be9c97b9f4894b6472b37d44e8cafcdff"},
    {file = "breez_sdk_liquid-0.3.4-cp39-cp39-win_amd64.whl", hash = "sha256:0cb30e58ce8d1f5a274a7c42a0ebfa3c2a7cce135bfbbdd2702808b9d5c3ef2a"},
]

[[package]]
name = "mnemonic"
version = "0.21"
description = "Implementation of Bitcoin BIP-0039"
optional = false
python-versions = ">=3.8.1"
files = [
    {file = "mnemonic-0.21-py3-none-any.whl", hash = "sha256:72dc9de16ec5ef47287237b9b6943da11647a03fe7cf1f139fc3d7c4a7439288"},
    {file = "mnemonic-0.21.tar.gz", hash = "sha256:1fe496356820984f45559b1540c80ff10de448368929b9c60a2b55744cc88acf"},
]

[metadata]
lock-version = "2.0"
python-versions = "^3.11"
content-hash = "b5dec444e4e48d7726b2dd00e967386cc1947a4362f1202745383b7141bf407a"
